
Microsoft Visual Studio Solution File, Format Version 12.00
# Visual Studio Version 16
VisualStudioVersion = 16.0.30804.86
MinimumVisualStudioVersion = 10.0.40219.1
Project("{FAE04EC0-301F-11D3-BF4B-00C04F79EFBC}") = "WordOccurrenceCalculator", "WordOccurrenceCalculator\WordOccurrenceCalculator.csproj", "{9A0B3845-5982-4ADB-BDB0-E63B90C2C47F}"
EndProject
Project("{FAE04EC0-301F-11D3-BF4B-00C04F79EFBC}") = "NUnitTestProject1", "NUnitTestProject1\NUnitTestProject1.csproj", "{95DB776C-2EC5-4916-97FA-DB7225490F79}"
EndProject
Global
	GlobalSection(SolutionConfigurationPlatforms) = preSolution
		Debug|Any CPU = Debug|Any CPU
		Release|Any CPU = Release|Any CPU
	EndGlobalSection
	GlobalSection(ProjectConfigurationPlatforms) = postSolution
		{9A0B3845-5982-4ADB-BDB0-E63B90C2C47F}.Debug|Any CPU.ActiveCfg = Debug|Any CPU
		{9A0B3845-5982-4ADB-BDB0-E63B90C2C47F}.Debug|Any CPU.Build.0 = Debug|Any CPU
		{9A0B3845-5982-4ADB-BDB0-E63B90C2C47F}.Release|Any CPU.ActiveCfg = Release|Any CPU
		{9A0B3845-5982-4ADB-BDB0-E63B90C2C47F}.Release|Any CPU.Build.0 = Release|Any CPU
		{95DB776C-2EC5-4916-97FA-DB7225490F79}.Debug|Any CPU.ActiveCfg = Debug|Any CPU
		{95DB776C-2EC5-4916-97FA-DB7225490F79}.Debug|Any CPU.Build.0 = Debug|Any CPU
		{95DB776C-2EC5-4916-97FA-DB7225490F79}.Release|Any CPU.ActiveCfg = Release|Any CPU
		{95DB776C-2EC5-4916-97FA-DB7225490F79}.Release|Any CPU.Build.0 = Release|Any CPU
	EndGlobalSection
	GlobalSection(SolutionProperties) = preSolution
		HideSolutionNode = FALSE
	EndGlobalSection
	GlobalSection(ExtensibilityGlobals) = postSolution
		SolutionGuid = {1B513E8F-84BF-40E4-98D8-FCABB9B66AC7}
	EndGlobalSection
EndGlobal
